{
    "_readme": [
        "This file locks the dependencies of your project to a known state",
        "Read more about it at https://getcomposer.org/doc/01-basic-usage.md#installing-dependencies",
        "This file is @generated automatically"
    ],
    "content-hash": "2abca347c593ca68ab39458e077a850b",
    "packages": [
        {
            "name": "bootpay/server-php",
            "version": "2.0.0",
            "source": {
                "type": "git",
                "url": "https://github.com/bootpay/server-php.git",
                "reference": "c51cbf470e96db3c7d3904e16e62f6e7d6bf93b3"
            },
            "dist": {
                "type": "zip",
                "url": "https://api.github.com/repos/bootpay/server-php/zipball/c51cbf470e96db3c7d3904e16e62f6e7d6bf93b3",
                "reference": "c51cbf470e96db3c7d3904e16e62f6e7d6bf93b3",
                "shasum": ""
            },
            "require": {
                "ext-json": "*",
                "php": ">= 5.3.0"
            },
            "type": "library",
            "autoload": {
                "psr-4": {
                    "Bootpay\\ServerPhp\\": "src/"
                }
            },
            "notification-url": "https://packagist.org/downloads/",
            "license": [
                "MIT"
            ],
            "authors": [
                {
                    "name": "bootpay",
                    "email": "bootpay.co.kr@gmail.com"
                }
            ],
            "description": "bootpay server side php plugin for v2 api",
            "keywords": [
                "BootPay",
                "card",
                "pay",
                "paymentgateway",
                "pg"
            ],
            "support": {
                "issues": "https://github.com/bootpay/server-php/issues",
                "source": "https://github.com/bootpay/server-php/tree/2.0.0"
            },
            "time": "2022-06-23T08:39:46+00:00"
        }
    ],
    "packages-dev": [],
    "aliases": [],
    "minimum-stability": "stable",
    "stability-flags": [],
    "prefer-stable": false,
    "prefer-lowest": false,
    "platform": [],
    "platform-dev": [],
    "plugin-api-version": "2.3.0"
}
